
Microsoft Visual Studio Solution File, Format Version 12.00
# Visual Studio Version 16
VisualStudioVersion = 16.0.31205.134
MinimumVisualStudioVersion = 10.0.40219.1
Project("{FAE04EC0-301F-11D3-BF4B-00C04F79EFBC}") = "KnowledgeAccountingSystem_", "KnowledgeAccountingSystem_\KnowledgeAccountingSystem_.csproj", "{6B55509C-510C-466D-9525-3F8CCE6A8D03}"
EndProject
Project("{FAE04EC0-301F-11D3-BF4B-00C04F79EFBC}") = "KnowledgeAccountingSystem_.Tests", "KnowledgeAccountingSystem_.Tests\KnowledgeAccountingSystem_.Tests.csproj", "{A3FF8F15-C1A4-4D49-A16D-6122324B682A}"
EndProject
Global
	GlobalSection(SolutionConfigurationPlatforms) = preSolution
		Debug|Any CPU = Debug|Any CPU
		Release|Any CPU = Release|Any CPU
	EndGlobalSection
	GlobalSection(ProjectConfigurationPlatforms) = postSolution
		{6B55509C-510C-466D-9525-3F8CCE6A8D03}.Debug|Any CPU.ActiveCfg = Debug|Any CPU
		{6B55509C-510C-466D-9525-3F8CCE6A8D03}.Debug|Any CPU.Build.0 = Debug|Any CPU
		{6B55509C-510C-466D-9525-3F8CCE6A8D03}.Release|Any CPU.ActiveCfg = Release|Any CPU
		{6B55509C-510C-466D-9525-3F8CCE6A8D03}.Release|Any CPU.Build.0 = Release|Any CPU
		{A3FF8F15-C1A4-4D49-A16D-6122324B682A}.Debug|Any CPU.ActiveCfg = Debug|Any CPU
		{A3FF8F15-C1A4-4D49-A16D-6122324B682A}.Debug|Any CPU.Build.0 = Debug|Any CPU
		{A3FF8F15-C1A4-4D49-A16D-6122324B682A}.Release|Any CPU.ActiveCfg = Release|Any CPU
		{A3FF8F15-C1A4-4D49-A16D-6122324B682A}.Release|Any CPU.Build.0 = Release|Any CPU
	EndGlobalSection
	GlobalSection(SolutionProperties) = preSolution
		HideSolutionNode = FALSE
	EndGlobalSection
	GlobalSection(ExtensibilityGlobals) = postSolution
		SolutionGuid = {F59F3C65-E6D7-460E-B328-2D176AC9A490}
	EndGlobalSection
EndGlobal
